{
  "name": "gridsome-plugin-google-sheets-post",
  "version": "2.0.1",
  "lockfileVersion": 2,
  "requires": true,
  "packages": {
    "": {
      "name": "gridsome-plugin-google-sheets-post",
      "version": "2.0.1",
      "license": "BSD 3-Clause",
      "dependencies": {
        "vue-recaptcha": "^2.0.2"
      }
    },
    "node_modules/vue": {
      "version": "2.6.14",
      "resolved": "https://registry.npmjs.org/vue/-/vue-2.6.14.tgz",
      "integrity": "sha512-x2284lgYvjOMj3Za7kqzRcUSxBboHqtgRE2zlos1qWaOye5yUmHn42LB1250NJBLRwEcdrB0JRwyPTEPhfQjiQ==",
      "peer": true
    },
    "node_modules/vue-demi": {
      "version": "0.12.5",
      "resolved": "https://registry.npmjs.org/vue-demi/-/vue-demi-0.12.5.tgz",
      "integrity": "sha512-BREuTgTYlUr0zw0EZn3hnhC3I6gPWv+Kwh4MCih6QcAeaTlaIX0DwOVN0wHej7hSvDPecz4jygy/idsgKfW58Q==",
      "hasInstallScript": true,
      "bin": {
        "vue-demi-fix": "bin/vue-demi-fix.js",
        "vue-demi-switch": "bin/vue-demi-switch.js"
      },
      "engines": {
        "node": ">=12"
      },
      "funding": {
        "url": "https://github.com/sponsors/antfu"
      },
      "peerDependencies": {
        "@vue/composition-api": "^1.0.0-rc.1",
        "vue": "^3.0.0-0 || ^2.6.0"
      },
      "peerDependenciesMeta": {
        "@vue/composition-api": {
          "optional": true
        }
      }
    },
    "node_modules/vue-recaptcha": {
      "version": "2.0.2",
      "resolved": "https://registry.npmjs.org/vue-recaptcha/-/vue-recaptcha-2.0.2.tgz",
      "integrity": "sha512-bE5WMz9jyiiY1PlaBOSUvsgTZ/ONoRV7Oq4Fn4JVz//ul+DJ0LHIJERfoF0NNEIDWXv6GjhwGLveGhoq0sEerg==",
      "dependencies": {
        "vue-demi": "^0.12.1"
      },
      "peerDependencies": {
        "@vue/composition-api": "^1.0.0-beta.1",
        "vue": "^2.0.0 || ^3.0.0"
      },
      "peerDependenciesMeta": {
        "@vue/composition-api": {
          "optional": true
        }
      }
    }
  },
  "dependencies": {
    "vue": {
      "version": "2.6.14",
      "resolved": "https://registry.npmjs.org/vue/-/vue-2.6.14.tgz",
      "integrity": "sha512-x2284lgYvjOMj3Za7kqzRcUSxBboHqtgRE2zlos1qWaOye5yUmHn42LB1250NJBLRwEcdrB0JRwyPTEPhfQjiQ==",
      "peer": true
    },
    "vue-demi": {
      "version": "0.12.5",
      "resolved": "https://registry.npmjs.org/vue-demi/-/vue-demi-0.12.5.tgz",
      "integrity": "sha512-BREuTgTYlUr0zw0EZn3hnhC3I6gPWv+Kwh4MCih6QcAeaTlaIX0DwOVN0wHej7hSvDPecz4jygy/idsgKfW58Q==",
      "requires": {}
    },
    "vue-recaptcha": {
      "version": "2.0.2",
      "resolved": "https://registry.npmjs.org/vue-recaptcha/-/vue-recaptcha-2.0.2.tgz",
      "integrity": "sha512-bE5WMz9jyiiY1PlaBOSUvsgTZ/ONoRV7Oq4Fn4JVz//ul+DJ0LHIJERfoF0NNEIDWXv6GjhwGLveGhoq0sEerg==",
      "requires": {
        "vue-demi": "^0.12.1"
      }
    }
  }
}
