{
  "name": "gridsome-plugin-google-sheets-post",
  "version": "2.0.1",
  "lockfileVersion": 1,
  "requires": true,
  "dependencies": {
    "js-captcha": {
      "version": "1.3.0",
      "resolved": "https://registry.npmjs.org/js-captcha/-/js-captcha-1.3.0.tgz",
      "integrity": "sha512-9WFXHKfaU1BIfGjm93MTZt1DDx2M5oJ/fwBvrQEjXgiuz4Mkh0K8ScKNHTj3u9lu3PImmaSiFB/3Xw/z+pUulQ=="
    }
  }
}
