{
  "name": "gridsome-plugin-google-sheets-post",
  "version": "3.0.6",
  "lockfileVersion": 1,
  "requires": true,
  "dependencies": {
    "@hcaptcha/vue-hcaptcha": {
      "version": "1.3.0",
      "resolved": "https://registry.npmjs.org/@hcaptcha/vue-hcaptcha/-/vue-hcaptcha-1.3.0.tgz",
      "integrity": "sha512-aUSWyhRucgFeBOBUC3nWBZuE0TkeoSH5QIVFwiTLnNsYpIaxD1tKBbI5Tdoy0TdpkuXKsB4KqyElbvoMZ9reGw=="
    }
  }
}
